// !$*UTF8*$!
{
	archiveVersion = 1;
	classes = {
	};
	objectVersion = 56;
	objects = {

/* Begin PBXBuildFile section */
		BA29114129C034600043CBD2 /* AppDelegate.swift in Sources */ = {isa = PBXBuildFile; fileRef = BA29114029C034600043CBD2 /* AppDelegate.swift */; };
		BA29114329C034600043CBD2 /* SceneDelegate.swift in Sources */ = {isa = PBXBuildFile; fileRef = BA29114229C034600043CBD2 /* SceneDelegate.swift */; };
		BA29114829C034600043CBD2 /* Main.storyboard in Resources */ = {isa = PBXBuildFile; fileRef = BA29114629C034600043CBD2 /* Main.storyboard */; };
		BA29114A29C034620043CBD2 /* Assets.xcassets in Resources */ = {isa = PBXBuildFile; fileRef = BA29114929C034620043CBD2 /* Assets.xcassets */; };
		BA29114D29C034620043CBD2 /* LaunchScreen.storyboard in Resources */ = {isa = PBXBuildFile; fileRef = BA29114B29C034620043CBD2 /* LaunchScreen.storyboard */; };
		BA29115629C036120043CBD2 /* ChatViewController.swift in Sources */ = {isa = PBXBuildFile; fileRef = BA29115429C036120043CBD2 /* ChatViewController.swift */; };
		BA29115729C036120043CBD2 /* FormViewController.swift in Sources */ = {isa = PBXBuildFile; fileRef = BA29115529C036120043CBD2 /* FormViewController.swift */; };
		EDD3E788516AD25F33AA2A2C /* Pods_CommonKeyboardExample.framework in Frameworks */ = {isa = PBXBuildFile; fileRef = 2071736CEE204F71251BA0EC /* Pods_CommonKeyboardExample.framework */; };
/* End PBXBuildFile section */

/* Begin PBXFileReference section */
		0F601694544DB11B5CF4FF23 /* Pods-CommonKeyboardExample.debug.xcconfig */ = {isa = PBXFileReference; includeInIndex = 1; lastKnownFileType = text.xcconfig; name = "Pods-CommonKeyboardExample.debug.xcconfig"; path = "Target Support Files/Pods-CommonKeyboardExample/Pods-CommonKeyboardExample.debug.xcconfig"; sourceTree = "<group>"; };
		2071736CEE204F71251BA0EC /* Pods_CommonKeyboardExample.framework */ = {isa = PBXFileReference; explicitFileType = wrapper.framework; includeInIndex = 0; path = Pods_CommonKeyboardExample.framework; sourceTree = BUILT_PRODUCTS_DIR; };
		2AADBAE677834E23245E8C15 /* Pods-CommonKeyboardExample.release.xcconfig */ = {isa = PBXFileReference; includeInIndex = 1; lastKnownFileType = text.xcconfig; name = "Pods-CommonKeyboardExample.release.xcconfig"; path = "Target Support Files/Pods-CommonKeyboardExample/Pods-CommonKeyboardExample.release.xcconfig"; sourceTree = "<group>"; };
		BA29113D29C034600043CBD2 /* CommonKeyboardExample.app */ = {isa = PBXFileReference; explicitFileType = wrapper.application; includeInIndex = 0; path = CommonKeyboardExample.app; sourceTree = BUILT_PRODUCTS_DIR; };
		BA29114029C034600043CBD2 /* AppDelegate.swift */ = {isa = PBXFileReference; lastKnownFileType = sourcecode.swift; path = AppDelegate.swift; sourceTree = "<group>"; };
		BA29114229C034600043CBD2 /* SceneDelegate.swift */ = {isa = PBXFileReference; lastKnownFileType = sourcecode.swift; path = SceneDelegate.swift; sourceTree = "<group>"; };
		BA29114729C034600043CBD2 /* Base */ = {isa = PBXFileReference; lastKnownFileType = file.storyboard; name = Base; path = Base.lproj/Main.storyboard; sourceTree = "<group>"; };
		BA29114929C034620043CBD2 /* Assets.xcassets */ = {isa = PBXFileReference; lastKnownFileType = folder.assetcatalog; path = Assets.xcassets; sourceTree = "<group>"; };
		BA29114C29C034620043CBD2 /* Base */ = {isa = PBXFileReference; lastKnownFileType = file.storyboard; name = Base; path = Base.lproj/LaunchScreen.storyboard; sourceTree = "<group>"; };
		BA29114E29C034620043CBD2 /* Info.plist */ = {isa = PBXFileReference; lastKnownFileType = text.plist.xml; path = Info.plist; sourceTree = "<group>"; };
		BA29115429C036120043CBD2 /* ChatViewController.swift */ = {isa = PBXFileReference; fileEncoding = 4; lastKnownFileType = sourcecode.swift; path = ChatViewController.swift; sourceTree = "<group>"; };
		BA29115529C036120043CBD2 /* FormViewController.swift */ = {isa = PBXFileReference; fileEncoding = 4; lastKnownFileType = sourcecode.swift; path = FormViewController.swift; sourceTree = "<group>"; };
/* End PBXFileReference section */

/* Begin PBXFrameworksBuildPhase section */
		BA29113A29C034600043CBD2 /* Frameworks */ = {
			isa = PBXFrameworksBuildPhase;
			buildActionMask = 2147483647;
			files = (
				EDD3E788516AD25F33AA2A2C /* Pods_CommonKeyboardExample.framework in Frameworks */,
			);
			runOnlyForDeploymentPostprocessing = 0;
		};
/* End PBXFrameworksBuildPhase section */

/* Begin PBXGroup section */
		56312946C8CF849552B7D27B /* Pods */ = {
			isa = PBXGroup;
			children = (
				0F601694544DB11B5CF4FF23 /* Pods-CommonKeyboardExample.debug.xcconfig */,
				2AADBAE677834E23245E8C15 /* Pods-CommonKeyboardExample.release.xcconfig */,
			);
			path = Pods;
			sourceTree = "<group>";
		};
		BA29113429C034600043CBD2 = {
			isa = PBXGroup;
			children = (
				BA29113F29C034600043CBD2 /* CommonKeyboardExample */,
				BA29113E29C034600043CBD2 /* Products */,
				56312946C8CF849552B7D27B /* Pods */,
				EC34526A29ADA4BF29AFFA85 /* Frameworks */,
			);
			sourceTree = "<group>";
		};
		BA29113E29C034600043CBD2 /* Products */ = {
			isa = PBXGroup;
			children = (
				BA29113D29C034600043CBD2 /* CommonKeyboardExample.app */,
			);
			name = Products;
			sourceTree = "<group>";
		};
		BA29113F29C034600043CBD2 /* CommonKeyboardExample */ = {
			isa = PBXGroup;
			children = (
				BA29114029C034600043CBD2 /* AppDelegate.swift */,
				BA29114229C034600043CBD2 /* SceneDelegate.swift */,
				BA29115429C036120043CBD2 /* ChatViewController.swift */,
				BA29115529C036120043CBD2 /* FormViewController.swift */,
				BA29114629C034600043CBD2 /* Main.storyboard */,
				BA29114929C034620043CBD2 /* Assets.xcassets */,
				BA29114B29C034620043CBD2 /* LaunchScreen.storyboard */,
				BA29114E29C034620043CBD2 /* Info.plist */,
			);
			path = CommonKeyboardExample;
			sourceTree = "<group>";
		};
		EC34526A29ADA4BF29AFFA85 /* Frameworks */ = {
			isa = PBXGroup;
			children = (
				2071736CEE204F71251BA0EC /* Pods_CommonKeyboardExample.framework */,
			);
			name = Frameworks;
			sourceTree = "<group>";
		};
/* End PBXGroup section */

/* Begin PBXNativeTarget section */
		BA29113C29C034600043CBD2 /* CommonKeyboardExample */ = {
			isa = PBXNativeTarget;
			buildConfigurationList = BA29115129C034620043CBD2 /* Build configuration list for PBXNativeTarget "CommonKeyboardExample" */;
			buildPhases = (
				8ADCE5B50FE0E88453E7EDAF /* [CP] Check Pods Manifest.lock */,
				BA29113929C034600043CBD2 /* Sources */,
				BA29113A29C034600043CBD2 /* Frameworks */,
				BA29113B29C034600043CBD2 /* Resources */,
				D5BA17B8C53BF3C05A7C0C29 /* [CP] Embed Pods Frameworks */,
			);
			buildRules = (
			);
			dependencies = (
			);
			name = CommonKeyboardExample;
			productName = CommonKeyboardExample;
			productReference = BA29113D29C034600043CBD2 /* CommonKeyboardExample.app */;
			productType = "com.apple.product-type.application";
		};
/* End PBXNativeTarget section */

/* Begin PBXProject section */
		BA29113529C034600043CBD2 /* Project object */ = {
			isa = PBXProject;
			attributes = {
				BuildIndependentTargetsInParallel = 1;
				LastSwiftUpdateCheck = 1420;
				LastUpgradeCheck = 1420;
				TargetAttributes = {
					BA29113C29C034600043CBD2 = {
						CreatedOnToolsVersion = 14.2;
					};
				};
			};
			buildConfigurationList = BA29113829C034600043CBD2 /* Build configuration list for PBXProject "CommonKeyboardExample" */;
			compatibilityVersion = "Xcode 14.0";
			developmentRegion = en;
			hasScannedForEncodings = 0;
			knownRegions = (
				en,
				Base,
			);
			mainGroup = BA29113429C034600043CBD2;
			productRefGroup = BA29113E29C034600043CBD2 /* Products */;
			projectDirPath = "";
			projectRoot = "";
			targets = (
				BA29113C29C034600043CBD2 /* CommonKeyboardExample */,
			);
		};
/* End PBXProject section */

/* Begin PBXResourcesBuildPhase section */
		BA29113B29C034600043CBD2 /* Resources */ = {
			isa = PBXResourcesBuildPhase;
			buildActionMask = 2147483647;
			files = (
				BA29114D29C034620043CBD2 /* LaunchScreen.storyboard in Resources */,
				BA29114A29C034620043CBD2 /* Assets.xcassets in Resources */,
				BA29114829C034600043CBD2 /* Main.storyboard in Resources */,
			);
			runOnlyForDeploymentPostprocessing = 0;
		};
/* End PBXResourcesBuildPhase section */

/* Begin PBXShellScriptBuildPhase section */
		8ADCE5B50FE0E88453E7EDAF /* [CP] Check Pods Manifest.lock */ = {
			isa = PBXShellScriptBuildPhase;
			buildActionMask = 2147483647;
			files = (
			);
			inputFileListPaths = (
			);
			inputPaths = (
				"${PODS_PODFILE_DIR_PATH}/Podfile.lock",
				"${PODS_ROOT}/Manifest.lock",
			);
			name = "[CP] Check Pods Manifest.lock";
			outputFileListPaths = (
			);
			outputPaths = (
				"$(DERIVED_FILE_DIR)/Pods-CommonKeyboardExample-checkManifestLockResult.txt",
			);
			runOnlyForDeploymentPostprocessing = 0;
			shellPath = /bin/sh;
			shellScript = "diff \"${PODS_PODFILE_DIR_PATH}/Podfile.lock\" \"${PODS_ROOT}/Manifest.lock\" > /dev/null\nif [ $? != 0 ] ; then\n    # print error to STDERR\n    echo \"error: The sandbox is not in sync with the Podfile.lock. Run 'pod install' or update your CocoaPods installation.\" >&2\n    exit 1\nfi\n# This output is used by Xcode 'outputs' to avoid re-running this script phase.\necho \"SUCCESS\" > \"${SCRIPT_OUTPUT_FILE_0}\"\n";
			showEnvVarsInLog = 0;
		};
		D5BA17B8C53BF3C05A7C0C29 /* [CP] Embed Pods Frameworks */ = {
			isa = PBXShellScriptBuildPhase;
			buildActionMask = 2147483647;
			files = (
			);
			inputFileListPaths = (
				"${PODS_ROOT}/Target Support Files/Pods-CommonKeyboardExample/Pods-CommonKeyboardExample-frameworks-${CONFIGURATION}-input-files.xcfilelist",
			);
			name = "[CP] Embed Pods Frameworks";
			outputFileListPaths = (
				"${PODS_ROOT}/Target Support Files/Pods-CommonKeyboardExample/Pods-CommonKeyboardExample-frameworks-${CONFIGURATION}-output-files.xcfilelist",
			);
			runOnlyForDeploymentPostprocessing = 0;
			shellPath = /bin/sh;
			shellScript = "\"${PODS_ROOT}/Target Support Files/Pods-CommonKeyboardExample/Pods-CommonKeyboardExample-frameworks.sh\"\n";
			showEnvVarsInLog = 0;
		};
/* End PBXShellScriptBuildPhase section */

/* Begin PBXSourcesBuildPhase section */
		BA29113929C034600043CBD2 /* Sources */ = {
			isa = PBXSourcesBuildPhase;
			buildActionMask = 2147483647;
			files = (
				BA29114129C034600043CBD2 /* AppDelegate.swift in Sources */,
				BA29115629C036120043CBD2 /* ChatViewController.swift in Sources */,
				BA29115729C036120043CBD2 /* FormViewController.swift in Sources */,
				BA29114329C034600043CBD2 /* SceneDelegate.swift in Sources */,
			);
			runOnlyForDeploymentPostprocessing = 0;
		};
/* End PBXSourcesBuildPhase section */

/* Begin PBXVariantGroup section */
		BA29114629C034600043CBD2 /* Main.storyboard */ = {
			isa = PBXVariantGroup;
			children = (
				BA29114729C034600043CBD2 /* Base */,
			);
			name = Main.storyboard;
			sourceTree = "<group>";
		};
		BA29114B29C034620043CBD2 /* LaunchScreen.storyboard */ = {
			isa = PBXVariantGroup;
			children = (
				BA29114C29C034620043CBD2 /* Base */,
			);
			name = LaunchScreen.storyboard;
			sourceTree = "<group>";
		};
/* End PBXVariantGroup section */

/* Begin XCBuildConfiguration section */
		BA29114F29C034620043CBD2 /* Debug */ = {
			isa = XCBuildConfiguration;
			buildSettings = {
				ALWAYS_SEARCH_USER_PATHS = NO;
				CLANG_ANALYZER_NONNULL = YES;
				CLANG_ANALYZER_NUMBER_OBJECT_CONVERSION = YES_AGGRESSIVE;
				CLANG_CXX_LANGUAGE_STANDARD = "gnu++20";
				CLANG_ENABLE_MODULES = YES;
				CLANG_ENABLE_OBJC_ARC = YES;
				CLANG_ENABLE_OBJC_WEAK = YES;
				CLANG_WARN_BLOCK_CAPTURE_AUTORELEASING = YES;
				CLANG_WARN_BOOL_CONVERSION = YES;
				CLANG_WARN_COMMA = YES;
				CLANG_WARN_CONSTANT_CONVERSION = YES;
				CLANG_WARN_DEPRECATED_OBJC_IMPLEMENTATIONS = YES;
				CLANG_WARN_DIRECT_OBJC_ISA_USAGE = YES_ERROR;
				CLANG_WARN_DOCUMENTATION_COMMENTS = YES;
				CLANG_WARN_EMPTY_BODY = YES;
				CLANG_WARN_ENUM_CONVERSION = YES;
				CLANG_WARN_INFINITE_RECURSION = YES;
				CLANG_WARN_INT_CONVERSION = YES;
				CLANG_WARN_NON_LITERAL_NULL_CONVERSION = YES;
				CLANG_WARN_OBJC_IMPLICIT_RETAIN_SELF = YES;
				CLANG_WARN_OBJC_LITERAL_CONVERSION = YES;
				CLANG_WARN_OBJC_ROOT_CLASS = YES_ERROR;
				CLANG_WARN_QUOTED_INCLUDE_IN_FRAMEWORK_HEADER = YES;
				CLANG_WARN_RANGE_LOOP_ANALYSIS = YES;
				CLANG_WARN_STRICT_PROTOTYPES = YES;
				CLANG_WARN_SUSPICIOUS_MOVE = YES;
				CLANG_WARN_UNGUARDED_AVAILABILITY = YES_AGGRESSIVE;
				CLANG_WARN_UNREACHABLE_CODE = YES;
				CLANG_WARN__DUPLICATE_METHOD_MATCH = YES;
				COPY_PHASE_STRIP = NO;
				DEBUG_INFORMATION_FORMAT = dwarf;
				ENABLE_STRICT_OBJC_MSGSEND = YES;
				ENABLE_TESTABILITY = YES;
				GCC_C_LANGUAGE_STANDARD = gnu11;
				GCC_DYNAMIC_NO_PIC = NO;
				GCC_NO_COMMON_BLOCKS = YES;
				GCC_OPTIMIZATION_LEVEL = 0;
				GCC_PREPROCESSOR_DEFINITIONS = (
					"DEBUG=1",
					"$(inherited)",
				);
				GCC_WARN_64_TO_32_BIT_CONVERSION = YES;
				GCC_WARN_ABOUT_RETURN_TYPE = YES_ERROR;
				GCC_WARN_UNDECLARED_SELECTOR = YES;
				GCC_WARN_UNINITIALIZED_AUTOS = YES_AGGRESSIVE;
				GCC_WARN_UNUSED_FUNCTION = YES;
				GCC_WARN_UNUSED_VARIABLE = YES;
				IPHONEOS_DEPLOYMENT_TARGET = 13.0;
				MTL_ENABLE_DEBUG_INFO = INCLUDE_SOURCE;
				MTL_FAST_MATH = YES;
				ONLY_ACTIVE_ARCH = YES;
				SDKROOT = iphoneos;
				SWIFT_ACTIVE_COMPILATION_CONDITIONS = DEBUG;
				SWIFT_OPTIMIZATION_LEVEL = "-Onone";
			};
			name = Debug;
		};
		BA29115029C034620043CBD2 /* Release */ = {
			isa = XCBuildConfiguration;
			buildSettings = {
				ALWAYS_SEARCH_USER_PATHS = NO;
				CLANG_ANALYZER_NONNULL = YES;
				CLANG_ANALYZER_NUMBER_OBJECT_CONVERSION = YES_AGGRESSIVE;
				CLANG_CXX_LANGUAGE_STANDARD = "gnu++20";
				CLANG_ENABLE_MODULES = YES;
				CLANG_ENABLE_OBJC_ARC = YES;
				CLANG_ENABLE_OBJC_WEAK = YES;
				CLANG_WARN_BLOCK_CAPTURE_AUTORELEASING = YES;
				CLANG_WARN_BOOL_CONVERSION = YES;
				CLANG_WARN_COMMA = YES;
				CLANG_WARN_CONSTANT_CONVERSION = YES;
				CLANG_WARN_DEPRECATED_OBJC_IMPLEMENTATIONS = YES;
				CLANG_WARN_DIRECT_OBJC_ISA_USAGE = YES_ERROR;
				CLANG_WARN_DOCUMENTATION_COMMENTS = YES;
				CLANG_WARN_EMPTY_BODY = YES;
				CLANG_WARN_ENUM_CONVERSION = YES;
				CLANG_WARN_INFINITE_RECURSION = YES;
				CLANG_WARN_INT_CONVERSION = YES;
				CLANG_WARN_NON_LITERAL_NULL_CONVERSION = YES;
				CLANG_WARN_OBJC_IMPLICIT_RETAIN_SELF = YES;
				CLANG_WARN_OBJC_LITERAL_CONVERSION = YES;
				CLANG_WARN_OBJC_ROOT_CLASS = YES_ERROR;
				CLANG_WARN_QUOTED_INCLUDE_IN_FRAMEWORK_HEADER = YES;
				CLANG_WARN_RANGE_LOOP_ANALYSIS = YES;
				CLANG_WARN_STRICT_PROTOTYPES = YES;
				CLANG_WARN_SUSPICIOUS_MOVE = YES;
				CLANG_WARN_UNGUARDED_AVAILABILITY = YES_AGGRESSIVE;
				CLANG_WARN_UNREACHABLE_CODE = YES;
				CLANG_WARN__DUPLICATE_METHOD_MATCH = YES;
				COPY_PHASE_STRIP = NO;
				DEBUG_INFORMATION_FORMAT = "dwarf-with-dsym";
				ENABLE_NS_ASSERTIONS = NO;
				ENABLE_STRICT_OBJC_MSGSEND = YES;
				GCC_C_LANGUAGE_STANDARD = gnu11;
				GCC_NO_COMMON_BLOCKS = YES;
				GCC_WARN_64_TO_32_BIT_CONVERSION = YES;
				GCC_WARN_ABOUT_RETURN_TYPE = YES_ERROR;
				GCC_WARN_UNDECLARED_SELECTOR = YES;
				GCC_WARN_UNINITIALIZED_AUTOS = YES_AGGRESSIVE;
				GCC_WARN_UNUSED_FUNCTION = YES;
				GCC_WARN_UNUSED_VARIABLE = YES;
				IPHONEOS_DEPLOYMENT_TARGET = 13.0;
				MTL_ENABLE_DEBUG_INFO = NO;
				MTL_FAST_MATH = YES;
				SDKROOT = iphoneos;
				SWIFT_COMPILATION_MODE = wholemodule;
				SWIFT_OPTIMIZATION_LEVEL = "-O";
				VALIDATE_PRODUCT = YES;
			};
			name = Release;
		};
		BA29115229C034620043CBD2 /* Debug */ = {
			isa = XCBuildConfiguration;
			baseConfigurationReference = 0F601694544DB11B5CF4FF23 /* Pods-CommonKeyboardExample.debug.xcconfig */;
			buildSettings = {
				ASSETCATALOG_COMPILER_APPICON_NAME = AppIcon;
				ASSETCATALOG_COMPILER_GLOBAL_ACCENT_COLOR_NAME = AccentColor;
				CODE_SIGN_STYLE = Automatic;
				CURRENT_PROJECT_VERSION = 1;
				DEVELOPMENT_TEAM = 42KRL95K95;
				GENERATE_INFOPLIST_FILE = YES;
				INFOPLIST_FILE = CommonKeyboardExample/Info.plist;
				INFOPLIST_KEY_UIApplicationSupportsIndirectInputEvents = YES;
				INFOPLIST_KEY_UILaunchStoryboardName = LaunchScreen;
				INFOPLIST_KEY_UIMainStoryboardFile = Main;
				INFOPLIST_KEY_UISupportedInterfaceOrientations_iPad = "UIInterfaceOrientationPortrait UIInterfaceOrientationPortraitUpsideDown UIInterfaceOrientationLandscapeLeft UIInterfaceOrientationLandscapeRight";
				INFOPLIST_KEY_UISupportedInterfaceOrientations_iPhone = "UIInterfaceOrientationPortrait UIInterfaceOrientationLandscapeLeft UIInterfaceOrientationLandscapeRight";
				INFOPLIST_KEY_UIUserInterfaceStyle = Light;
				IPHONEOS_DEPLOYMENT_TARGET = 13.0;
				LD_RUNPATH_SEARCH_PATHS = (
					"$(inherited)",
					"@executable_path/Frameworks",
				);
				MARKETING_VERSION = 1.0;
				PRODUCT_BUNDLE_IDENTIFIER = kaweerut.CommonKeyboardExample.CommonKeyboardExample;
				PRODUCT_NAME = "$(TARGET_NAME)";
				SWIFT_EMIT_LOC_STRINGS = YES;
				SWIFT_VERSION = 5.0;
				TARGETED_DEVICE_FAMILY = "1,2";
			};
			name = Debug;
		};
		BA29115329C034620043CBD2 /* Release */ = {
			isa = XCBuildConfiguration;
			baseConfigurationReference = 2AADBAE677834E23245E8C15 /* Pods-CommonKeyboardExample.release.xcconfig */;
			buildSettings = {
				ASSETCATALOG_COMPILER_APPICON_NAME = AppIcon;
				ASSETCATALOG_COMPILER_GLOBAL_ACCENT_COLOR_NAME = AccentColor;
				CODE_SIGN_STYLE = Automatic;
				CURRENT_PROJECT_VERSION = 1;
				DEVELOPMENT_TEAM = 42KRL95K95;
				GENERATE_INFOPLIST_FILE = YES;
				INFOPLIST_FILE = CommonKeyboardExample/Info.plist;
				INFOPLIST_KEY_UIApplicationSupportsIndirectInputEvents = YES;
				INFOPLIST_KEY_UILaunchStoryboardName = LaunchScreen;
				INFOPLIST_KEY_UIMainStoryboardFile = Main;
				INFOPLIST_KEY_UISupportedInterfaceOrientations_iPad = "UIInterfaceOrientationPortrait UIInterfaceOrientationPortraitUpsideDown UIInterfaceOrientationLandscapeLeft UIInterfaceOrientationLandscapeRight";
				INFOPLIST_KEY_UISupportedInterfaceOrientations_iPhone = "UIInterfaceOrientationPortrait UIInterfaceOrientationLandscapeLeft UIInterfaceOrientationLandscapeRight";
				INFOPLIST_KEY_UIUserInterfaceStyle = Light;
				IPHONEOS_DEPLOYMENT_TARGET = 13.0;
				LD_RUNPATH_SEARCH_PATHS = (
					"$(inherited)",
					"@executable_path/Frameworks",
				);
				MARKETING_VERSION = 1.0;
				PRODUCT_BUNDLE_IDENTIFIER = kaweerut.CommonKeyboardExample.CommonKeyboardExample;
				PRODUCT_NAME = "$(TARGET_NAME)";
				SWIFT_EMIT_LOC_STRINGS = YES;
				SWIFT_VERSION = 5.0;
				TARGETED_DEVICE_FAMILY = "1,2";
			};
			name = Release;
		};
/* End XCBuildConfiguration section */

/* Begin XCConfigurationList section */
		BA29113829C034600043CBD2 /* Build configuration list for PBXProject "CommonKeyboardExample" */ = {
			isa = XCConfigurationList;
			buildConfigurations = (
				BA29114F29C034620043CBD2 /* Debug */,
				BA29115029C034620043CBD2 /* Release */,
			);
			defaultConfigurationIsVisible = 0;
			defaultConfigurationName = Release;
		};
		BA29115129C034620043CBD2 /* Build configuration list for PBXNativeTarget "CommonKeyboardExample" */ = {
			isa = XCConfigurationList;
			buildConfigurations = (
				BA29115229C034620043CBD2 /* Debug */,
				BA29115329C034620043CBD2 /* Release */,
			);
			defaultConfigurationIsVisible = 0;
			defaultConfigurationName = Release;
		};
/* End XCConfigurationList section */
	};
	rootObject = BA29113529C034600043CBD2 /* Project object */;
}
